// !$*UTF8*$!
{
	archiveVersion = 1;
	classes = {
	};
	objectVersion = 56;
	objects = {

/* Begin PBXBuildFile section */
		5B0214872AA1F68900826385 /* DocScannerDemoView.swift in Sources */ = {isa = PBXBuildFile; fileRef = 5B0214832AA1F68900826385 /* DocScannerDemoView.swift */; };
		5B0214882AA1F68900826385 /* DocScannerDemoViewModel.swift in Sources */ = {isa = PBXBuildFile; fileRef = 5B0214842AA1F68900826385 /* DocScannerDemoViewModel.swift */; };
		5B0214892AA1F68900826385 /* DataScannerDemoView.swift in Sources */ = {isa = PBXBuildFile; fileRef = 5B0214862AA1F68900826385 /* DataScannerDemoView.swift */; };
		5B3391DC2AA5E2E9006C068C /* DataScannerDemoViewModel.swift in Sources */ = {isa = PBXBuildFile; fileRef = 5B3391DB2AA5E2E5006C068C /* DataScannerDemoViewModel.swift */; };
		5B3E1E012AA6123A00E71861 /* View+Extensions.swift in Sources */ = {isa = PBXBuildFile; fileRef = 5B3E1E002AA6123A00E71861 /* View+Extensions.swift */; };
		B867F9F62A96C8D50025054C /* DocScannerDemoApp.swift in Sources */ = {isa = PBXBuildFile; fileRef = B867F9F52A96C8D50025054C /* DocScannerDemoApp.swift */; };
		B867F9F82A96C8D50025054C /* ContentView.swift in Sources */ = {isa = PBXBuildFile; fileRef = B867F9F72A96C8D50025054C /* ContentView.swift */; };
		B867F9FA2A96C8D60025054C /* Assets.xcassets in Resources */ = {isa = PBXBuildFile; fileRef = B867F9F92A96C8D60025054C /* Assets.xcassets */; };
		B867F9FD2A96C8D60025054C /* Preview Assets.xcassets in Resources */ = {isa = PBXBuildFile; fileRef = B867F9FC2A96C8D60025054C /* Preview Assets.xcassets */; };
		B867FA072A96C8D60025054C /* DocScannerDemoTests.swift in Sources */ = {isa = PBXBuildFile; fileRef = B867FA062A96C8D60025054C /* DocScannerDemoTests.swift */; };
		B867FA112A96C8D60025054C /* DocScannerDemoUITests.swift in Sources */ = {isa = PBXBuildFile; fileRef = B867FA102A96C8D60025054C /* DocScannerDemoUITests.swift */; };
		B867FA132A96C8D60025054C /* DocScannerDemoUITestsLaunchTests.swift in Sources */ = {isa = PBXBuildFile; fileRef = B867FA122A96C8D60025054C /* DocScannerDemoUITestsLaunchTests.swift */; };
		B867FA222A96C93B0025054C /* DocScanner in Frameworks */ = {isa = PBXBuildFile; productRef = B867FA212A96C93B0025054C /* DocScanner */; };
/* End PBXBuildFile section */

/* Begin PBXContainerItemProxy section */
		B867FA032A96C8D60025054C /* PBXContainerItemProxy */ = {
			isa = PBXContainerItemProxy;
			containerPortal = B867F9EA2A96C8D50025054C /* Project object */;
			proxyType = 1;
			remoteGlobalIDString = B867F9F12A96C8D50025054C;
			remoteInfo = DocScannerDemo;
		};
		B867FA0D2A96C8D60025054C /* PBXContainerItemProxy */ = {
			isa = PBXContainerItemProxy;
			containerPortal = B867F9EA2A96C8D50025054C /* Project object */;
			proxyType = 1;
			remoteGlobalIDString = B867F9F12A96C8D50025054C;
			remoteInfo = DocScannerDemo;
		};
/* End PBXContainerItemProxy section */

/* Begin PBXFileReference section */
		5B0214832AA1F68900826385 /* DocScannerDemoView.swift */ = {isa = PBXFileReference; fileEncoding = 4; lastKnownFileType = sourcecode.swift; path = DocScannerDemoView.swift; sourceTree = "<group>"; };
		5B0214842AA1F68900826385 /* DocScannerDemoViewModel.swift */ = {isa = PBXFileReference; fileEncoding = 4; lastKnownFileType = sourcecode.swift; path = DocScannerDemoViewModel.swift; sourceTree = "<group>"; };
		5B0214862AA1F68900826385 /* DataScannerDemoView.swift */ = {isa = PBXFileReference; fileEncoding = 4; lastKnownFileType = sourcecode.swift; path = DataScannerDemoView.swift; sourceTree = "<group>"; };
		5B3391DB2AA5E2E5006C068C /* DataScannerDemoViewModel.swift */ = {isa = PBXFileReference; lastKnownFileType = sourcecode.swift; path = DataScannerDemoViewModel.swift; sourceTree = "<group>"; };
		5B3E1E002AA6123A00E71861 /* View+Extensions.swift */ = {isa = PBXFileReference; lastKnownFileType = sourcecode.swift; path = "View+Extensions.swift"; sourceTree = "<group>"; };
		B867F9F22A96C8D50025054C /* DocScannerDemo.app */ = {isa = PBXFileReference; explicitFileType = wrapper.application; includeInIndex = 0; path = DocScannerDemo.app; sourceTree = BUILT_PRODUCTS_DIR; };
		B867F9F52A96C8D50025054C /* DocScannerDemoApp.swift */ = {isa = PBXFileReference; lastKnownFileType = sourcecode.swift; path = DocScannerDemoApp.swift; sourceTree = "<group>"; };
		B867F9F72A96C8D50025054C /* ContentView.swift */ = {isa = PBXFileReference; lastKnownFileType = sourcecode.swift; path = ContentView.swift; sourceTree = "<group>"; };
		B867F9F92A96C8D60025054C /* Assets.xcassets */ = {isa = PBXFileReference; lastKnownFileType = folder.assetcatalog; path = Assets.xcassets; sourceTree = "<group>"; };
		B867F9FC2A96C8D60025054C /* Preview Assets.xcassets */ = {isa = PBXFileReference; lastKnownFileType = folder.assetcatalog; path = "Preview Assets.xcassets"; sourceTree = "<group>"; };
		B867FA022A96C8D60025054C /* DocScannerDemoTests.xctest */ = {isa = PBXFileReference; explicitFileType = wrapper.cfbundle; includeInIndex = 0; path = DocScannerDemoTests.xctest; sourceTree = BUILT_PRODUCTS_DIR; };
		B867FA062A96C8D60025054C /* DocScannerDemoTests.swift */ = {isa = PBXFileReference; lastKnownFileType = sourcecode.swift; path = DocScannerDemoTests.swift; sourceTree = "<group>"; };
		B867FA0C2A96C8D60025054C /* DocScannerDemoUITests.xctest */ = {isa = PBXFileReference; explicitFileType = wrapper.cfbundle; includeInIndex = 0; path = DocScannerDemoUITests.xctest; sourceTree = BUILT_PRODUCTS_DIR; };
		B867FA102A96C8D60025054C /* DocScannerDemoUITests.swift */ = {isa = PBXFileReference; lastKnownFileType = sourcecode.swift; path = DocScannerDemoUITests.swift; sourceTree = "<group>"; };
		B867FA122A96C8D60025054C /* DocScannerDemoUITestsLaunchTests.swift */ = {isa = PBXFileReference; lastKnownFileType = sourcecode.swift; path = DocScannerDemoUITestsLaunchTests.swift; sourceTree = "<group>"; };
		B867FA1F2A96C9300025054C /* DocScanner */ = {isa = PBXFileReference; lastKnownFileType = wrapper; name = DocScanner; path = ..; sourceTree = "<group>"; };
/* End PBXFileReference section */

/* Begin PBXFrameworksBuildPhase section */
		B867F9EF2A96C8D50025054C /* Frameworks */ = {
			isa = PBXFrameworksBuildPhase;
			buildActionMask = 2147483647;
			files = (
				B867FA222A96C93B0025054C /* DocScanner in Frameworks */,
			);
			runOnlyForDeploymentPostprocessing = 0;
		};
		B867F9FF2A96C8D60025054C /* Frameworks */ = {
			isa = PBXFrameworksBuildPhase;
			buildActionMask = 2147483647;
			files = (
			);
			runOnlyForDeploymentPostprocessing = 0;
		};
		B867FA092A96C8D60025054C /* Frameworks */ = {
			isa = PBXFrameworksBuildPhase;
			buildActionMask = 2147483647;
			files = (
			);
			runOnlyForDeploymentPostprocessing = 0;
		};
/* End PBXFrameworksBuildPhase section */

/* Begin PBXGroup section */
		5B0214812AA1F68900826385 /* Scenes */ = {
			isa = PBXGroup;
			children = (
				5B0214822AA1F68900826385 /* DocScanner */,
				5B0214852AA1F68900826385 /* DataScanner */,
			);
			path = Scenes;
			sourceTree = "<group>";
		};
		5B0214822AA1F68900826385 /* DocScanner */ = {
			isa = PBXGroup;
			children = (
				5B0214832AA1F68900826385 /* DocScannerDemoView.swift */,
				5B0214842AA1F68900826385 /* DocScannerDemoViewModel.swift */,
			);
			path = DocScanner;
			sourceTree = "<group>";
		};
		5B0214852AA1F68900826385 /* DataScanner */ = {
			isa = PBXGroup;
			children = (
				5B3391DB2AA5E2E5006C068C /* DataScannerDemoViewModel.swift */,
				5B0214862AA1F68900826385 /* DataScannerDemoView.swift */,
			);
			path = DataScanner;
			sourceTree = "<group>";
		};
		5B3E1DFF2AA6122500E71861 /* Extensions */ = {
			isa = PBXGroup;
			children = (
				5B3E1E002AA6123A00E71861 /* View+Extensions.swift */,
			);
			path = Extensions;
			sourceTree = "<group>";
		};
		B867F9E92A96C8D50025054C = {
			isa = PBXGroup;
			children = (
				B867F9F42A96C8D50025054C /* DocScannerDemo */,
				B867FA1F2A96C9300025054C /* DocScanner */,
				B867FA052A96C8D60025054C /* DocScannerDemoTests */,
				B867FA0F2A96C8D60025054C /* DocScannerDemoUITests */,
				B867F9F32A96C8D50025054C /* Products */,
				B867FA202A96C93B0025054C /* Frameworks */,
			);
			sourceTree = "<group>";
		};
		B867F9F32A96C8D50025054C /* Products */ = {
			isa = PBXGroup;
			children = (
				B867F9F22A96C8D50025054C /* DocScannerDemo.app */,
				B867FA022A96C8D60025054C /* DocScannerDemoTests.xctest */,
				B867FA0C2A96C8D60025054C /* DocScannerDemoUITests.xctest */,
			);
			name = Products;
			sourceTree = "<group>";
		};
		B867F9F42A96C8D50025054C /* DocScannerDemo */ = {
			isa = PBXGroup;
			children = (
				5B3E1DFF2AA6122500E71861 /* Extensions */,
				5B0214812AA1F68900826385 /* Scenes */,
				B867F9F52A96C8D50025054C /* DocScannerDemoApp.swift */,
				B867F9F72A96C8D50025054C /* ContentView.swift */,
				B867F9F92A96C8D60025054C /* Assets.xcassets */,
				B867F9FB2A96C8D60025054C /* Preview Content */,
			);
			path = DocScannerDemo;
			sourceTree = "<group>";
		};
		B867F9FB2A96C8D60025054C /* Preview Content */ = {
			isa = PBXGroup;
			children = (
				B867F9FC2A96C8D60025054C /* Preview Assets.xcassets */,
			);
			path = "Preview Content";
			sourceTree = "<group>";
		};
		B867FA052A96C8D60025054C /* DocScannerDemoTests */ = {
			isa = PBXGroup;
			children = (
				B867FA062A96C8D60025054C /* DocScannerDemoTests.swift */,
			);
			path = DocScannerDemoTests;
			sourceTree = "<group>";
		};
		B867FA0F2A96C8D60025054C /* DocScannerDemoUITests */ = {
			isa = PBXGroup;
			children = (
				B867FA102A96C8D60025054C /* DocScannerDemoUITests.swift */,
				B867FA122A96C8D60025054C /* DocScannerDemoUITestsLaunchTests.swift */,
			);
			path = DocScannerDemoUITests;
			sourceTree = "<group>";
		};
		B867FA202A96C93B0025054C /* Frameworks */ = {
			isa = PBXGroup;
			children = (
			);
			name = Frameworks;
			sourceTree = "<group>";
		};
/* End PBXGroup section */

/* Begin PBXNativeTarget section */
		B867F9F12A96C8D50025054C /* DocScannerDemo */ = {
			isa = PBXNativeTarget;
			buildConfigurationList = B867FA162A96C8D60025054C /* Build configuration list for PBXNativeTarget "DocScannerDemo" */;
			buildPhases = (
				B867F9EE2A96C8D50025054C /* Sources */,
				B867F9EF2A96C8D50025054C /* Frameworks */,
				B867F9F02A96C8D50025054C /* Resources */,
			);
			buildRules = (
			);
			dependencies = (
			);
			name = DocScannerDemo;
			packageProductDependencies = (
				B867FA212A96C93B0025054C /* DocScanner */,
			);
			productName = DocScannerDemo;
			productReference = B867F9F22A96C8D50025054C /* DocScannerDemo.app */;
			productType = "com.apple.product-type.application";
		};
		B867FA012A96C8D60025054C /* DocScannerDemoTests */ = {
			isa = PBXNativeTarget;
			buildConfigurationList = B867FA192A96C8D60025054C /* Build configuration list for PBXNativeTarget "DocScannerDemoTests" */;
			buildPhases = (
				B867F9FE2A96C8D60025054C /* Sources */,
				B867F9FF2A96C8D60025054C /* Frameworks */,
				B867FA002A96C8D60025054C /* Resources */,
			);
			buildRules = (
			);
			dependencies = (
				B867FA042A96C8D60025054C /* PBXTargetDependency */,
			);
			name = DocScannerDemoTests;
			productName = DocScannerDemoTests;
			productReference = B867FA022A96C8D60025054C /* DocScannerDemoTests.xctest */;
			productType = "com.apple.product-type.bundle.unit-test";
		};
		B867FA0B2A96C8D60025054C /* DocScannerDemoUITests */ = {
			isa = PBXNativeTarget;
			buildConfigurationList = B867FA1C2A96C8D60025054C /* Build configuration list for PBXNativeTarget "DocScannerDemoUITests" */;
			buildPhases = (
				B867FA082A96C8D60025054C /* Sources */,
				B867FA092A96C8D60025054C /* Frameworks */,
				B867FA0A2A96C8D60025054C /* Resources */,
			);
			buildRules = (
			);
			dependencies = (
				B867FA0E2A96C8D60025054C /* PBXTargetDependency */,
			);
			name = DocScannerDemoUITests;
			productName = DocScannerDemoUITests;
			productReference = B867FA0C2A96C8D60025054C /* DocScannerDemoUITests.xctest */;
			productType = "com.apple.product-type.bundle.ui-testing";
		};
/* End PBXNativeTarget section */

/* Begin PBXProject section */
		B867F9EA2A96C8D50025054C /* Project object */ = {
			isa = PBXProject;
			attributes = {
				BuildIndependentTargetsInParallel = 1;
				LastSwiftUpdateCheck = 1430;
				LastUpgradeCheck = 1430;
				TargetAttributes = {
					B867F9F12A96C8D50025054C = {
						CreatedOnToolsVersion = 14.3.1;
					};
					B867FA012A96C8D60025054C = {
						CreatedOnToolsVersion = 14.3.1;
						TestTargetID = B867F9F12A96C8D50025054C;
					};
					B867FA0B2A96C8D60025054C = {
						CreatedOnToolsVersion = 14.3.1;
						TestTargetID = B867F9F12A96C8D50025054C;
					};
				};
			};
			buildConfigurationList = B867F9ED2A96C8D50025054C /* Build configuration list for PBXProject "DocScannerDemo" */;
			compatibilityVersion = "Xcode 14.0";
			developmentRegion = en;
			hasScannedForEncodings = 0;
			knownRegions = (
				en,
				Base,
			);
			mainGroup = B867F9E92A96C8D50025054C;
			productRefGroup = B867F9F32A96C8D50025054C /* Products */;
			projectDirPath = "";
			projectRoot = "";
			targets = (
				B867F9F12A96C8D50025054C /* DocScannerDemo */,
				B867FA012A96C8D60025054C /* DocScannerDemoTests */,
				B867FA0B2A96C8D60025054C /* DocScannerDemoUITests */,
			);
		};
/* End PBXProject section */

/* Begin PBXResourcesBuildPhase section */
		B867F9F02A96C8D50025054C /* Resources */ = {
			isa = PBXResourcesBuildPhase;
			buildActionMask = 2147483647;
			files = (
				B867F9FD2A96C8D60025054C /* Preview Assets.xcassets in Resources */,
				B867F9FA2A96C8D60025054C /* Assets.xcassets in Resources */,
			);
			runOnlyForDeploymentPostprocessing = 0;
		};
		B867FA002A96C8D60025054C /* Resources */ = {
			isa = PBXResourcesBuildPhase;
			buildActionMask = 2147483647;
			files = (
			);
			runOnlyForDeploymentPostprocessing = 0;
		};
		B867FA0A2A96C8D60025054C /* Resources */ = {
			isa = PBXResourcesBuildPhase;
			buildActionMask = 2147483647;
			files = (
			);
			runOnlyForDeploymentPostprocessing = 0;
		};
/* End PBXResourcesBuildPhase section */

/* Begin PBXSourcesBuildPhase section */
		B867F9EE2A96C8D50025054C /* Sources */ = {
			isa = PBXSourcesBuildPhase;
			buildActionMask = 2147483647;
			files = (
				5B0214882AA1F68900826385 /* DocScannerDemoViewModel.swift in Sources */,
				B867F9F82A96C8D50025054C /* ContentView.swift in Sources */,
				5B0214892AA1F68900826385 /* DataScannerDemoView.swift in Sources */,
				B867F9F62A96C8D50025054C /* DocScannerDemoApp.swift in Sources */,
				5B3391DC2AA5E2E9006C068C /* DataScannerDemoViewModel.swift in Sources */,
				5B3E1E012AA6123A00E71861 /* View+Extensions.swift in Sources */,
				5B0214872AA1F68900826385 /* DocScannerDemoView.swift in Sources */,
			);
			runOnlyForDeploymentPostprocessing = 0;
		};
		B867F9FE2A96C8D60025054C /* Sources */ = {
			isa = PBXSourcesBuildPhase;
			buildActionMask = 2147483647;
			files = (
				B867FA072A96C8D60025054C /* DocScannerDemoTests.swift in Sources */,
			);
			runOnlyForDeploymentPostprocessing = 0;
		};
		B867FA082A96C8D60025054C /* Sources */ = {
			isa = PBXSourcesBuildPhase;
			buildActionMask = 2147483647;
			files = (
				B867FA112A96C8D60025054C /* DocScannerDemoUITests.swift in Sources */,
				B867FA132A96C8D60025054C /* DocScannerDemoUITestsLaunchTests.swift in Sources */,
			);
			runOnlyForDeploymentPostprocessing = 0;
		};
/* End PBXSourcesBuildPhase section */

/* Begin PBXTargetDependency section */
		B867FA042A96C8D60025054C /* PBXTargetDependency */ = {
			isa = PBXTargetDependency;
			target = B867F9F12A96C8D50025054C /* DocScannerDemo */;
			targetProxy = B867FA032A96C8D60025054C /* PBXContainerItemProxy */;
		};
		B867FA0E2A96C8D60025054C /* PBXTargetDependency */ = {
			isa = PBXTargetDependency;
			target = B867F9F12A96C8D50025054C /* DocScannerDemo */;
			targetProxy = B867FA0D2A96C8D60025054C /* PBXContainerItemProxy */;
		};
/* End PBXTargetDependency section */

/* Begin XCBuildConfiguration section */
		B867FA142A96C8D60025054C /* Debug */ = {
			isa = XCBuildConfiguration;
			buildSettings = {
				ALWAYS_SEARCH_USER_PATHS = NO;
				CLANG_ANALYZER_NONNULL = YES;
				CLANG_ANALYZER_NUMBER_OBJECT_CONVERSION = YES_AGGRESSIVE;
				CLANG_CXX_LANGUAGE_STANDARD = "gnu++20";
				CLANG_ENABLE_MODULES = YES;
				CLANG_ENABLE_OBJC_ARC = YES;
				CLANG_ENABLE_OBJC_WEAK = YES;
				CLANG_WARN_BLOCK_CAPTURE_AUTORELEASING = YES;
				CLANG_WARN_BOOL_CONVERSION = YES;
				CLANG_WARN_COMMA = YES;
				CLANG_WARN_CONSTANT_CONVERSION = YES;
				CLANG_WARN_DEPRECATED_OBJC_IMPLEMENTATIONS = YES;
				CLANG_WARN_DIRECT_OBJC_ISA_USAGE = YES_ERROR;
				CLANG_WARN_DOCUMENTATION_COMMENTS = YES;
				CLANG_WARN_EMPTY_BODY = YES;
				CLANG_WARN_ENUM_CONVERSION = YES;
				CLANG_WARN_INFINITE_RECURSION = YES;
				CLANG_WARN_INT_CONVERSION = YES;
				CLANG_WARN_NON_LITERAL_NULL_CONVERSION = YES;
				CLANG_WARN_OBJC_IMPLICIT_RETAIN_SELF = YES;
				CLANG_WARN_OBJC_LITERAL_CONVERSION = YES;
				CLANG_WARN_OBJC_ROOT_CLASS = YES_ERROR;
				CLANG_WARN_QUOTED_INCLUDE_IN_FRAMEWORK_HEADER = YES;
				CLANG_WARN_RANGE_LOOP_ANALYSIS = YES;
				CLANG_WARN_STRICT_PROTOTYPES = YES;
				CLANG_WARN_SUSPICIOUS_MOVE = YES;
				CLANG_WARN_UNGUARDED_AVAILABILITY = YES_AGGRESSIVE;
				CLANG_WARN_UNREACHABLE_CODE = YES;
				CLANG_WARN__DUPLICATE_METHOD_MATCH = YES;
				COPY_PHASE_STRIP = NO;
				DEBUG_INFORMATION_FORMAT = dwarf;
				ENABLE_STRICT_OBJC_MSGSEND = YES;
				ENABLE_TESTABILITY = YES;
				GCC_C_LANGUAGE_STANDARD = gnu11;
				GCC_DYNAMIC_NO_PIC = NO;
				GCC_NO_COMMON_BLOCKS = YES;
				GCC_OPTIMIZATION_LEVEL = 0;
				GCC_PREPROCESSOR_DEFINITIONS = (
					"DEBUG=1",
					"$(inherited)",
				);
				GCC_WARN_64_TO_32_BIT_CONVERSION = YES;
				GCC_WARN_ABOUT_RETURN_TYPE = YES_ERROR;
				GCC_WARN_UNDECLARED_SELECTOR = YES;
				GCC_WARN_UNINITIALIZED_AUTOS = YES_AGGRESSIVE;
				GCC_WARN_UNUSED_FUNCTION = YES;
				GCC_WARN_UNUSED_VARIABLE = YES;
				IPHONEOS_DEPLOYMENT_TARGET = 16.4;
				MTL_ENABLE_DEBUG_INFO = INCLUDE_SOURCE;
				MTL_FAST_MATH = YES;
				ONLY_ACTIVE_ARCH = YES;
				SDKROOT = iphoneos;
				SWIFT_ACTIVE_COMPILATION_CONDITIONS = DEBUG;
				SWIFT_OPTIMIZATION_LEVEL = "-Onone";
			};
			name = Debug;
		};
		B867FA152A96C8D60025054C /* Release */ = {
			isa = XCBuildConfiguration;
			buildSettings = {
				ALWAYS_SEARCH_USER_PATHS = NO;
				CLANG_ANALYZER_NONNULL = YES;
				CLANG_ANALYZER_NUMBER_OBJECT_CONVERSION = YES_AGGRESSIVE;
				CLANG_CXX_LANGUAGE_STANDARD = "gnu++20";
				CLANG_ENABLE_MODULES = YES;
				CLANG_ENABLE_OBJC_ARC = YES;
				CLANG_ENABLE_OBJC_WEAK = YES;
				CLANG_WARN_BLOCK_CAPTURE_AUTORELEASING = YES;
				CLANG_WARN_BOOL_CONVERSION = YES;
				CLANG_WARN_COMMA = YES;
				CLANG_WARN_CONSTANT_CONVERSION = YES;
				CLANG_WARN_DEPRECATED_OBJC_IMPLEMENTATIONS = YES;
				CLANG_WARN_DIRECT_OBJC_ISA_USAGE = YES_ERROR;
				CLANG_WARN_DOCUMENTATION_COMMENTS = YES;
				CLANG_WARN_EMPTY_BODY = YES;
				CLANG_WARN_ENUM_CONVERSION = YES;
				CLANG_WARN_INFINITE_RECURSION = YES;
				CLANG_WARN_INT_CONVERSION = YES;
				CLANG_WARN_NON_LITERAL_NULL_CONVERSION = YES;
				CLANG_WARN_OBJC_IMPLICIT_RETAIN_SELF = YES;
				CLANG_WARN_OBJC_LITERAL_CONVERSION = YES;
				CLANG_WARN_OBJC_ROOT_CLASS = YES_ERROR;
				CLANG_WARN_QUOTED_INCLUDE_IN_FRAMEWORK_HEADER = YES;
				CLANG_WARN_RANGE_LOOP_ANALYSIS = YES;
				CLANG_WARN_STRICT_PROTOTYPES = YES;
				CLANG_WARN_SUSPICIOUS_MOVE = YES;
				CLANG_WARN_UNGUARDED_AVAILABILITY = YES_AGGRESSIVE;
				CLANG_WARN_UNREACHABLE_CODE = YES;
				CLANG_WARN__DUPLICATE_METHOD_MATCH = YES;
				COPY_PHASE_STRIP = NO;
				DEBUG_INFORMATION_FORMAT = "dwarf-with-dsym";
				ENABLE_NS_ASSERTIONS = NO;
				ENABLE_STRICT_OBJC_MSGSEND = YES;
				GCC_C_LANGUAGE_STANDARD = gnu11;
				GCC_NO_COMMON_BLOCKS = YES;
				GCC_WARN_64_TO_32_BIT_CONVERSION = YES;
				GCC_WARN_ABOUT_RETURN_TYPE = YES_ERROR;
				GCC_WARN_UNDECLARED_SELECTOR = YES;
				GCC_WARN_UNINITIALIZED_AUTOS = YES_AGGRESSIVE;
				GCC_WARN_UNUSED_FUNCTION = YES;
				GCC_WARN_UNUSED_VARIABLE = YES;
				IPHONEOS_DEPLOYMENT_TARGET = 16.4;
				MTL_ENABLE_DEBUG_INFO = NO;
				MTL_FAST_MATH = YES;
				SDKROOT = iphoneos;
				SWIFT_COMPILATION_MODE = wholemodule;
				SWIFT_OPTIMIZATION_LEVEL = "-O";
				VALIDATE_PRODUCT = YES;
			};
			name = Release;
		};
		B867FA172A96C8D60025054C /* Debug */ = {
			isa = XCBuildConfiguration;
			buildSettings = {
				ASSETCATALOG_COMPILER_APPICON_NAME = AppIcon;
				ASSETCATALOG_COMPILER_GLOBAL_ACCENT_COLOR_NAME = AccentColor;
				CODE_SIGN_IDENTITY = "Apple Development";
				CODE_SIGN_STYLE = Automatic;
				CURRENT_PROJECT_VERSION = 1;
				DEVELOPMENT_ASSET_PATHS = "\"DocScannerDemo/Preview Content\"";
				DEVELOPMENT_TEAM = SSGRJPAZU2;
				ENABLE_PREVIEWS = YES;
				GENERATE_INFOPLIST_FILE = YES;
				INFOPLIST_KEY_NSCameraUsageDescription = "Need camera permission for doc scans";
				INFOPLIST_KEY_UIApplicationSceneManifest_Generation = YES;
				INFOPLIST_KEY_UIApplicationSupportsIndirectInputEvents = YES;
				INFOPLIST_KEY_UILaunchScreen_Generation = YES;
				INFOPLIST_KEY_UISupportedInterfaceOrientations_iPad = "UIInterfaceOrientationPortrait UIInterfaceOrientationPortraitUpsideDown UIInterfaceOrientationLandscapeLeft UIInterfaceOrientationLandscapeRight";
				INFOPLIST_KEY_UISupportedInterfaceOrientations_iPhone = "UIInterfaceOrientationPortrait UIInterfaceOrientationLandscapeLeft UIInterfaceOrientationLandscapeRight";
				IPHONEOS_DEPLOYMENT_TARGET = 16.4;
				LD_RUNPATH_SEARCH_PATHS = (
					"$(inherited)",
					"@executable_path/Frameworks",
				);
				MARKETING_VERSION = 1.0;
				PRODUCT_BUNDLE_IDENTIFIER = com.mlukacs.DocScannerDemo.test;
				PRODUCT_NAME = "$(TARGET_NAME)";
				PROVISIONING_PROFILE_SPECIFIER = "";
				SWIFT_EMIT_LOC_STRINGS = YES;
				SWIFT_VERSION = 5.0;
				TARGETED_DEVICE_FAMILY = "1,2";
			};
			name = Debug;
		};
		B867FA182A96C8D60025054C /* Release */ = {
			isa = XCBuildConfiguration;
			buildSettings = {
				ASSETCATALOG_COMPILER_APPICON_NAME = AppIcon;
				ASSETCATALOG_COMPILER_GLOBAL_ACCENT_COLOR_NAME = AccentColor;
				CODE_SIGN_IDENTITY = "Apple Development";
				CODE_SIGN_STYLE = Automatic;
				CURRENT_PROJECT_VERSION = 1;
				DEVELOPMENT_ASSET_PATHS = "\"DocScannerDemo/Preview Content\"";
				DEVELOPMENT_TEAM = SSGRJPAZU2;
				ENABLE_PREVIEWS = YES;
				GENERATE_INFOPLIST_FILE = YES;
				INFOPLIST_KEY_NSCameraUsageDescription = "Need camera permission for doc scans";
				INFOPLIST_KEY_UIApplicationSceneManifest_Generation = YES;
				INFOPLIST_KEY_UIApplicationSupportsIndirectInputEvents = YES;
				INFOPLIST_KEY_UILaunchScreen_Generation = YES;
				INFOPLIST_KEY_UISupportedInterfaceOrientations_iPad = "UIInterfaceOrientationPortrait UIInterfaceOrientationPortraitUpsideDown UIInterfaceOrientationLandscapeLeft UIInterfaceOrientationLandscapeRight";
				INFOPLIST_KEY_UISupportedInterfaceOrientations_iPhone = "UIInterfaceOrientationPortrait UIInterfaceOrientationLandscapeLeft UIInterfaceOrientationLandscapeRight";
				IPHONEOS_DEPLOYMENT_TARGET = 16.4;
				LD_RUNPATH_SEARCH_PATHS = (
					"$(inherited)",
					"@executable_path/Frameworks",
				);
				MARKETING_VERSION = 1.0;
				PRODUCT_BUNDLE_IDENTIFIER = com.mlukacs.DocScannerDemo.test;
				PRODUCT_NAME = "$(TARGET_NAME)";
				PROVISIONING_PROFILE_SPECIFIER = "";
				SWIFT_EMIT_LOC_STRINGS = YES;
				SWIFT_VERSION = 5.0;
				TARGETED_DEVICE_FAMILY = "1,2";
			};
			name = Release;
		};
		B867FA1A2A96C8D60025054C /* Debug */ = {
			isa = XCBuildConfiguration;
			buildSettings = {
				ALWAYS_EMBED_SWIFT_STANDARD_LIBRARIES = YES;
				BUNDLE_LOADER = "$(TEST_HOST)";
				CODE_SIGN_STYLE = Automatic;
				CURRENT_PROJECT_VERSION = 1;
				DEVELOPMENT_TEAM = 92833SP6PV;
				GENERATE_INFOPLIST_FILE = YES;
				IPHONEOS_DEPLOYMENT_TARGET = 16.4;
				MARKETING_VERSION = 1.0;
				PRODUCT_BUNDLE_IDENTIFIER = com.mlukacs.DocScannerDemoTests;
				PRODUCT_NAME = "$(TARGET_NAME)";
				SWIFT_EMIT_LOC_STRINGS = NO;
				SWIFT_VERSION = 5.0;
				TARGETED_DEVICE_FAMILY = "1,2";
				TEST_HOST = "$(BUILT_PRODUCTS_DIR)/DocScannerDemo.app/$(BUNDLE_EXECUTABLE_FOLDER_PATH)/DocScannerDemo";
			};
			name = Debug;
		};
		B867FA1B2A96C8D60025054C /* Release */ = {
			isa = XCBuildConfiguration;
			buildSettings = {
				ALWAYS_EMBED_SWIFT_STANDARD_LIBRARIES = YES;
				BUNDLE_LOADER = "$(TEST_HOST)";
				CODE_SIGN_STYLE = Automatic;
				CURRENT_PROJECT_VERSION = 1;
				DEVELOPMENT_TEAM = 92833SP6PV;
				GENERATE_INFOPLIST_FILE = YES;
				IPHONEOS_DEPLOYMENT_TARGET = 16.4;
				MARKETING_VERSION = 1.0;
				PRODUCT_BUNDLE_IDENTIFIER = com.mlukacs.DocScannerDemoTests;
				PRODUCT_NAME = "$(TARGET_NAME)";
				SWIFT_EMIT_LOC_STRINGS = NO;
				SWIFT_VERSION = 5.0;
				TARGETED_DEVICE_FAMILY = "1,2";
				TEST_HOST = "$(BUILT_PRODUCTS_DIR)/DocScannerDemo.app/$(BUNDLE_EXECUTABLE_FOLDER_PATH)/DocScannerDemo";
			};
			name = Release;
		};
		B867FA1D2A96C8D60025054C /* Debug */ = {
			isa = XCBuildConfiguration;
			buildSettings = {
				ALWAYS_EMBED_SWIFT_STANDARD_LIBRARIES = YES;
				CODE_SIGN_STYLE = Automatic;
				CURRENT_PROJECT_VERSION = 1;
				DEVELOPMENT_TEAM = 92833SP6PV;
				GENERATE_INFOPLIST_FILE = YES;
				MARKETING_VERSION = 1.0;
				PRODUCT_BUNDLE_IDENTIFIER = com.mlukacs.DocScannerDemoUITests;
				PRODUCT_NAME = "$(TARGET_NAME)";
				SWIFT_EMIT_LOC_STRINGS = NO;
				SWIFT_VERSION = 5.0;
				TARGETED_DEVICE_FAMILY = "1,2";
				TEST_TARGET_NAME = DocScannerDemo;
			};
			name = Debug;
		};
		B867FA1E2A96C8D60025054C /* Release */ = {
			isa = XCBuildConfiguration;
			buildSettings = {
				ALWAYS_EMBED_SWIFT_STANDARD_LIBRARIES = YES;
				CODE_SIGN_STYLE = Automatic;
				CURRENT_PROJECT_VERSION = 1;
				DEVELOPMENT_TEAM = 92833SP6PV;
				GENERATE_INFOPLIST_FILE = YES;
				MARKETING_VERSION = 1.0;
				PRODUCT_BUNDLE_IDENTIFIER = com.mlukacs.DocScannerDemoUITests;
				PRODUCT_NAME = "$(TARGET_NAME)";
				SWIFT_EMIT_LOC_STRINGS = NO;
				SWIFT_VERSION = 5.0;
				TARGETED_DEVICE_FAMILY = "1,2";
				TEST_TARGET_NAME = DocScannerDemo;
			};
			name = Release;
		};
/* End XCBuildConfiguration section */

/* Begin XCConfigurationList section */
		B867F9ED2A96C8D50025054C /* Build configuration list for PBXProject "DocScannerDemo" */ = {
			isa = XCConfigurationList;
			buildConfigurations = (
				B867FA142A96C8D60025054C /* Debug */,
				B867FA152A96C8D60025054C /* Release */,
			);
			defaultConfigurationIsVisible = 0;
			defaultConfigurationName = Release;
		};
		B867FA162A96C8D60025054C /* Build configuration list for PBXNativeTarget "DocScannerDemo" */ = {
			isa = XCConfigurationList;
			buildConfigurations = (
				B867FA172A96C8D60025054C /* Debug */,
				B867FA182A96C8D60025054C /* Release */,
			);
			defaultConfigurationIsVisible = 0;
			defaultConfigurationName = Release;
		};
		B867FA192A96C8D60025054C /* Build configuration list for PBXNativeTarget "DocScannerDemoTests" */ = {
			isa = XCConfigurationList;
			buildConfigurations = (
				B867FA1A2A96C8D60025054C /* Debug */,
				B867FA1B2A96C8D60025054C /* Release */,
			);
			defaultConfigurationIsVisible = 0;
			defaultConfigurationName = Release;
		};
		B867FA1C2A96C8D60025054C /* Build configuration list for PBXNativeTarget "DocScannerDemoUITests" */ = {
			isa = XCConfigurationList;
			buildConfigurations = (
				B867FA1D2A96C8D60025054C /* Debug */,
				B867FA1E2A96C8D60025054C /* Release */,
			);
			defaultConfigurationIsVisible = 0;
			defaultConfigurationName = Release;
		};
/* End XCConfigurationList section */

/* Begin XCSwiftPackageProductDependency section */
		B867FA212A96C93B0025054C /* DocScanner */ = {
			isa = XCSwiftPackageProductDependency;
			productName = DocScanner;
		};
/* End XCSwiftPackageProductDependency section */
	};
	rootObject = B867F9EA2A96C8D50025054C /* Project object */;
}
